<?xml version="1.0" encoding="utf-8"?>
<Project ToolsVersion="4.0" xmlns="http://schemas.microsoft.com/developer/msbuild/2003">
  <ItemGroup>
    <Filter Include="源文件">
      <UniqueIdentifier>{4FC737F1-C7A5-4376-A066-2A32D752A2FF}</UniqueIdentifier>
      <Extensions>cpp;c;cc;cxx;def;odl;idl;hpj;bat;asm;asmx</Extensions>
    </Filter>
    <Filter Include="头文件">
      <UniqueIdentifier>{93995380-89BD-4b04-88EB-625FBE52EBFB}</UniqueIdentifier>
      <Extensions>h;hh;hpp;hxx;hm;inl;inc;xsd</Extensions>
    </Filter>
    <Filter Include="资源文件">
      <UniqueIdentifier>{67DA6AB6-F800-4c08-8B7A-83BB121AAD01}</UniqueIdentifier>
      <Extensions>rc;ico;cur;bmp;dlg;rc2;rct;bin;rgs;gif;jpg;jpeg;jpe;resx;tiff;tif;png;wav;mfcribbon-ms</Extensions>
    </Filter>
    <Filter Include="源文件\label">
      <UniqueIdentifier>{cc3aa628-74f1-4a76-af00-aa146b43fb09}</UniqueIdentifier>
    </Filter>
    <Filter Include="源文件\driver">
      <UniqueIdentifier>{40019b14-75b0-4ad9-857b-9188d5c20757}</UniqueIdentifier>
    </Filter>
    <Filter Include="源文件\fs">
      <UniqueIdentifier>{0023f1a1-f9ac-480d-be6c-218b47f28b23}</UniqueIdentifier>
    </Filter>
    <Filter Include="源文件\include">
      <UniqueIdentifier>{142c9a88-d32c-4b4e-a83f-37c4e2ed9967}</UniqueIdentifier>
    </Filter>
    <Filter Include="源文件\include\label">
      <UniqueIdentifier>{0b593d64-b4b0-4efe-a9b7-c4f6a0da0dcd}</UniqueIdentifier>
    </Filter>
    <Filter Include="源文件\include\fs">
      <UniqueIdentifier>{99528289-b4ec-43aa-a8e1-351dce1c4eb6}</UniqueIdentifier>
    </Filter>
    <Filter Include="源文件\include\file">
      <UniqueIdentifier>{dcb6c853-6693-4283-917b-703494cee23d}</UniqueIdentifier>
    </Filter>
    <Filter Include="源文件\include\volume">
      <UniqueIdentifier>{a3d8e8d6-169d-4ffb-be01-a32fe410647d}</UniqueIdentifier>
    </Filter>
    <Filter Include="源文件\volume">
      <UniqueIdentifier>{141da913-8803-4490-9808-89cd5f8f6f59}</UniqueIdentifier>
    </Filter>
    <Filter Include="源文件\crypto">
      <UniqueIdentifier>{4210c1f8-ab52-4a07-9dbf-0259abd07181}</UniqueIdentifier>
    </Filter>
    <Filter Include="源文件\crypto\crc32">
      <UniqueIdentifier>{fa0a073f-de36-4d95-a52a-22c9274ee778}</UniqueIdentifier>
    </Filter>
    <Filter Include="源文件\include\crypto">
      <UniqueIdentifier>{f7349b1d-c157-4f4f-b136-bc0eaf9c2dd2}</UniqueIdentifier>
    </Filter>
  </ItemGroup>
  <ItemGroup>
    <ClCompile Include="main.cpp">
      <Filter>源文件</Filter>
    </ClCompile>
    <ClCompile Include="label\msdos.cpp">
      <Filter>源文件\label</Filter>
    </ClCompile>
    <ClCompile Include="include\device.cpp">
      <Filter>源文件</Filter>
    </ClCompile>
    <ClCompile Include="include\err.h">
      <Filter>源文件\include</Filter>
    </ClCompile>
    <ClCompile Include="fs\filesystem.cpp">
      <Filter>源文件\fs</Filter>
    </ClCompile>
    <ClCompile Include="fs\null.cpp">
      <Filter>源文件\fs</Filter>
    </ClCompile>
    <ClCompile Include="label\gpt.cpp">
      <Filter>源文件\label</Filter>
    </ClCompile>
    <ClCompile Include="fs\fat.cpp">
      <Filter>源文件\fs</Filter>
    </ClCompile>
    <ClCompile Include="support.cpp">
      <Filter>源文件</Filter>
    </ClCompile>
    <ClCompile Include="volume\normal.cpp">
      <Filter>源文件\volume</Filter>
    </ClCompile>
    <ClCompile Include="partition_device.cpp">
      <Filter>源文件</Filter>
    </ClCompile>
    <ClCompile Include="driver\os-win32.cpp">
      <Filter>源文件\driver</Filter>
    </ClCompile>
    <ClCompile Include="disk_device.cpp">
      <Filter>源文件</Filter>
    </ClCompile>
    <ClCompile Include="crypto\crc32\crc32.cpp">
      <Filter>源文件\crypto\crc32</Filter>
    </ClCompile>
  </ItemGroup>
  <ItemGroup>
    <ClInclude Include="include\config.h">
      <Filter>源文件\include</Filter>
    </ClInclude>
    <ClInclude Include="include\base.h">
      <Filter>源文件\include</Filter>
    </ClInclude>
    <ClInclude Include="include\device.h">
      <Filter>源文件\include</Filter>
    </ClInclude>
    <ClInclude Include="include\disk_device.h">
      <Filter>源文件\include</Filter>
    </ClInclude>
    <ClInclude Include="include\partition_device.h">
      <Filter>源文件\include</Filter>
    </ClInclude>
    <ClInclude Include="include\label\label.h">
      <Filter>源文件\include\label</Filter>
    </ClInclude>
    <ClInclude Include="include\label\msdos.h">
      <Filter>源文件\include\label</Filter>
    </ClInclude>
    <ClInclude Include="include\fs\filesystem.h">
      <Filter>源文件\include\fs</Filter>
    </ClInclude>
    <ClInclude Include="include\fs\null.h">
      <Filter>源文件\include\fs</Filter>
    </ClInclude>
    <ClInclude Include="include\label\gpt.h">
      <Filter>源文件\include\label</Filter>
    </ClInclude>
    <ClInclude Include="include\fs\fat.h">
      <Filter>源文件\include\fs</Filter>
    </ClInclude>
    <ClInclude Include="include\file\file.h">
      <Filter>源文件\include\file</Filter>
    </ClInclude>
    <ClInclude Include="include\volume\volume.h">
      <Filter>源文件\include\volume</Filter>
    </ClInclude>
    <ClInclude Include="include\volume\normal.h">
      <Filter>源文件\include\volume</Filter>
    </ClInclude>
    <ClInclude Include="include\os-dep.h">
      <Filter>源文件\include</Filter>
    </ClInclude>
    <ClInclude Include="include\fs\ntfs.h">
      <Filter>源文件\include\fs</Filter>
    </ClInclude>
    <ClInclude Include="include\crypto\crc32.h">
      <Filter>源文件\include\crypto</Filter>
    </ClInclude>
  </ItemGroup>
</Project>